
Microsoft Visual Studio Solution File, Format Version 12.00
# Visual Studio Version 17
VisualStudioVersion = 17.14.36414.22 d17.14
MinimumVisualStudioVersion = 10.0.40219.1
Project("{FAE04EC0-301F-11D3-BF4B-00C04F79EFBC}") = "MiEscuela", "MiEscuela\MiEscuela.csproj", "{1B7648F2-1348-418A-A0C0-BF02B0D29BEF}"
EndProject
Global
	GlobalSection(SolutionConfigurationPlatforms) = preSolution
		Debug|Any CPU = Debug|Any CPU
		Release|Any CPU = Release|Any CPU
	EndGlobalSection
	GlobalSection(ProjectConfigurationPlatforms) = postSolution
		{1B7648F2-1348-418A-A0C0-BF02B0D29BEF}.Debug|Any CPU.ActiveCfg = Debug|Any CPU
		{1B7648F2-1348-418A-A0C0-BF02B0D29BEF}.Debug|Any CPU.Build.0 = Debug|Any CPU
		{1B7648F2-1348-418A-A0C0-BF02B0D29BEF}.Release|Any CPU.ActiveCfg = Release|Any CPU
		{1B7648F2-1348-418A-A0C0-BF02B0D29BEF}.Release|Any CPU.Build.0 = Release|Any CPU
	EndGlobalSection
	GlobalSection(SolutionProperties) = preSolution
		HideSolutionNode = FALSE
	EndGlobalSection
	GlobalSection(ExtensibilityGlobals) = postSolution
		SolutionGuid = {690912E4-9C00-493F-8FDF-BE0576DD7DF3}
	EndGlobalSection
EndGlobal
